
Microsoft Visual Studio Solution File, Format Version 12.00
# Visual Studio Version 17
VisualStudioVersion = 17.5.002.0
MinimumVisualStudioVersion = 10.0.40219.1
Project("{2150E333-8FDC-42A3-9474-1A3956D46DE8}") = "src", "src", "{AF773AF5-4CB0-4119-854F-8A51E6D47B24}"
EndProject
Project("{9A19103F-16F7-4668-BE54-9A1E7A4F7556}") = "UI", "src\UI\UI.csproj", "{9ED7A9FF-713F-4038-9B5A-A56CBAD72217}"
EndProject
Project("{9A19103F-16F7-4668-BE54-9A1E7A4F7556}") = "UI_NET", "src\UI\UI_NET.csproj", "{4EFD2791-3F8C-4DF4-8DBF-136F9B4F061F}"
EndProject
Project("{2150E333-8FDC-42A3-9474-1A3956D46DE8}") = "Emulator", "Emulator", "{931F971F-88B6-495A-8A39-BC5408593C8D}"
EndProject
Project("{9A19103F-16F7-4668-BE54-9A1E7A4F7556}") = "Emulator", "src\Emulator\Main\Emulator.csproj", "{36ABB8C7-3166-47CE-8354-B9482B077799}"
EndProject
Project("{9A19103F-16F7-4668-BE54-9A1E7A4F7556}") = "Emulator_NET", "src\Emulator\Main\Emulator_NET.csproj", "{2EDB4209-5037-49D4-A128-8E030B905DDA}"
EndProject
Project("{9A19103F-16F7-4668-BE54-9A1E7A4F7556}") = "cores-ppc64", "src\Emulator\Cores\cores-ppc64.csproj", "{40B1A741-E61B-4BCE-B672-CEC5106BDF79}"
EndProject
Project("{9A19103F-16F7-4668-BE54-9A1E7A4F7556}") = "cores-arm-m_NET", "src\Emulator\Cores\cores-arm-m_NET.csproj", "{B24629F7-A448-4ACC-8D35-E5127C48AE2F}"
EndProject
Project("{9A19103F-16F7-4668-BE54-9A1E7A4F7556}") = "cores-xtensa_NET", "src\Emulator\Cores\cores-xtensa_NET.csproj", "{4251306D-599B-49E1-B33B-85B37DEB1E01}"
EndProject
Project("{9A19103F-16F7-4668-BE54-9A1E7A4F7556}") = "cores-ppc", "src\Emulator\Cores\cores-ppc.csproj", "{C07F006F-2A12-42EC-B980-948A2D8FC10E}"
EndProject
Project("{9A19103F-16F7-4668-BE54-9A1E7A4F7556}") = "cores-sparc", "src\Emulator\Cores\cores-sparc.csproj", "{09C441E8-DBFF-4084-860C-9959BEAB1929}"
EndProject
Project("{9A19103F-16F7-4668-BE54-9A1E7A4F7556}") = "windows-properties_NET", "src\Emulator\Cores\windows-properties_NET.csproj", "{7F3CA3DD-9BF6-40BF-9D5C-F286DA6C7D8F}"
EndProject
Project("{9A19103F-16F7-4668-BE54-9A1E7A4F7556}") = "cores-riscv64", "src\Emulator\Cores\cores-riscv64.csproj", "{A315BFB0-54E2-4C5B-BA25-376D23AF9AA2}"
EndProject
Project("{9A19103F-16F7-4668-BE54-9A1E7A4F7556}") = "cores-arm_NET", "src\Emulator\Cores\cores-arm_NET.csproj", "{D06157B2-8932-4EF5-8216-CEE1D644A66B}"
EndProject
Project("{9A19103F-16F7-4668-BE54-9A1E7A4F7556}") = "windows-properties", "src\Emulator\Cores\windows-properties.csproj", "{B7288EF8-CDAB-4198-8D95-6E2F2AF6C755}"
EndProject
Project("{9A19103F-16F7-4668-BE54-9A1E7A4F7556}") = "cores.template_NET", "src\Emulator\Cores\cores.template_NET.csproj", "{695521BC-DBE9-435F-9254-5065BFC6C93D}"
EndProject
Project("{9A19103F-16F7-4668-BE54-9A1E7A4F7556}") = "cores-riscv_NET", "src\Emulator\Cores\cores-riscv_NET.csproj", "{FC535B69-2C32-4158-A073-D21E144055A4}"
EndProject
Project("{9A19103F-16F7-4668-BE54-9A1E7A4F7556}") = "cores-ppc_NET", "src\Emulator\Cores\cores-ppc_NET.csproj", "{E7ECC399-A85C-4437-B18A-822E0BF1679A}"
EndProject
Project("{9A19103F-16F7-4668-BE54-9A1E7A4F7556}") = "cores.template", "src\Emulator\Cores\cores.template.csproj", "{F032CB08-AA0F-4846-914A-D9C76692F9FE}"
EndProject
Project("{9A19103F-16F7-4668-BE54-9A1E7A4F7556}") = "osx-properties", "src\Emulator\Cores\osx-properties.csproj", "{B48B2009-ECD1-4220-B241-2106363E48D2}"
EndProject
Project("{9A19103F-16F7-4668-BE54-9A1E7A4F7556}") = "cores-arm", "src\Emulator\Cores\cores-arm.csproj", "{BD727490-7341-4094-8381-CF9C3B4821AF}"
EndProject
Project("{9A19103F-16F7-4668-BE54-9A1E7A4F7556}") = "cores-sparc_NET", "src\Emulator\Cores\cores-sparc_NET.csproj", "{74DBACAA-D5EB-4E84-A8CB-E738B728710E}"
EndProject
Project("{9A19103F-16F7-4668-BE54-9A1E7A4F7556}") = "cores-xtensa", "src\Emulator\Cores\cores-xtensa.csproj", "{E709B222-7E9E-471D-BAB9-F8647FEEB249}"
EndProject
Project("{9A19103F-16F7-4668-BE54-9A1E7A4F7556}") = "cores-i386_NET", "src\Emulator\Cores\cores-i386_NET.csproj", "{87EC68B6-A51A-49C6-AB71-223E6C90134D}"
EndProject
Project("{9A19103F-16F7-4668-BE54-9A1E7A4F7556}") = "linux-properties_NET", "src\Emulator\Cores\linux-properties_NET.csproj", "{11D66AE3-A7BF-40EC-90BD-BE5296ADAC96}"
EndProject
Project("{9A19103F-16F7-4668-BE54-9A1E7A4F7556}") = "cores-ppc64_NET", "src\Emulator\Cores\cores-ppc64_NET.csproj", "{792305B4-A5CD-414D-AFCC-57EB53596C19}"
EndProject
Project("{9A19103F-16F7-4668-BE54-9A1E7A4F7556}") = "cores-arm64", "src\Emulator\Cores\cores-arm64.csproj", "{CB2147D5-F10C-4BFC-9BBF-546943817313}"
EndProject
Project("{9A19103F-16F7-4668-BE54-9A1E7A4F7556}") = "cores-riscv64_NET", "src\Emulator\Cores\cores-riscv64_NET.csproj", "{65E49E30-D434-4A91-A0ED-12CA1EA5CEAD}"
EndProject
Project("{9A19103F-16F7-4668-BE54-9A1E7A4F7556}") = "osx-properties_NET", "src\Emulator\Cores\osx-properties_NET.csproj", "{53D2E23A-6668-4FFD-A908-6E65724B7593}"
EndProject
Project("{9A19103F-16F7-4668-BE54-9A1E7A4F7556}") = "cores-arm-m", "src\Emulator\Cores\cores-arm-m.csproj", "{7ED09CB0-E247-4F29-8494-414BBD7113E3}"
EndProject
Project("{9A19103F-16F7-4668-BE54-9A1E7A4F7556}") = "cores-arm64_NET", "src\Emulator\Cores\cores-arm64_NET.csproj", "{DB8245E5-082E-431A-82C5-2E39BEACE6B7}"
EndProject
Project("{9A19103F-16F7-4668-BE54-9A1E7A4F7556}") = "cores-i386", "src\Emulator\Cores\cores-i386.csproj", "{ABF583E4-6E45-492F-A7D9-18DC80186A80}"
EndProject
Project("{9A19103F-16F7-4668-BE54-9A1E7A4F7556}") = "linux-properties", "src\Emulator\Cores\linux-properties.csproj", "{2C4818D7-2D1D-4B8B-94B4-C2280AF97476}"
EndProject
Project("{9A19103F-16F7-4668-BE54-9A1E7A4F7556}") = "cores-riscv", "src\Emulator\Cores\cores-riscv.csproj", "{D4299B90-EC30-4585-9D18-7D16916994F0}"
EndProject
Project("{9A19103F-16F7-4668-BE54-9A1E7A4F7556}") = "Peripherals", "src\Emulator\Peripherals\Peripherals.csproj", "{DD7C7361-B672-4B6F-90D1-696892493B94}"
EndProject
Project("{9A19103F-16F7-4668-BE54-9A1E7A4F7556}") = "Peripherals_NET", "src\Emulator\Peripherals\Peripherals_NET.csproj", "{6401FE31-7E99-4157-953D-72AF11579FEE}"
EndProject
Project("{9A19103F-16F7-4668-BE54-9A1E7A4F7556}") = "Extensions", "src\Emulator\Extensions\Extensions.csproj", "{16070015-29FF-4661-A875-2ADBD3E1B9DD}"
EndProject
Project("{9A19103F-16F7-4668-BE54-9A1E7A4F7556}") = "Extensions_NET", "src\Emulator\Extensions\Extensions_NET.csproj", "{120E1709-0D76-440C-80C1-6F27F459B370}"
EndProject
Project("{2150E333-8FDC-42A3-9474-1A3956D46DE8}") = "Plugins", "Plugins", "{6F4AAA1C-ACDC-432D-BAEF-7F2F2D737477}"
EndProject
Project("{9A19103F-16F7-4668-BE54-9A1E7A4F7556}") = "SampleCommandPlugin_NET", "src\Plugins\SampleCommandPlugin\SampleCommandPlugin_NET.csproj", "{D7D3AA1C-A10B-4917-8217-EFC13BF3E9AB}"
EndProject
Project("{9A19103F-16F7-4668-BE54-9A1E7A4F7556}") = "SampleCommandPlugin", "src\Plugins\SampleCommandPlugin\SampleCommandPlugin.csproj", "{C6CF7A8C-B85F-4A48-AB55-943256A686FF}"
EndProject
Project("{9A19103F-16F7-4668-BE54-9A1E7A4F7556}") = "AdvancedLoggerViewerPlugin_NET", "src\Plugins\AdvancedLoggerViewerPlugin\AdvancedLoggerViewerPlugin_NET.csproj", "{68AB3ACB-BB35-4998-9EE6-AF6183347F55}"
EndProject
Project("{9A19103F-16F7-4668-BE54-9A1E7A4F7556}") = "AdvancedLoggerViewerPlugin", "src\Plugins\AdvancedLoggerViewerPlugin\AdvancedLoggerViewerPlugin.csproj", "{D1861F1E-624D-4A82-B6D0-280674F1D6F2}"
EndProject
Project("{9A19103F-16F7-4668-BE54-9A1E7A4F7556}") = "TracePlugin_NET", "src\Plugins\TracePlugin\TracePlugin_NET.csproj", "{622C1498-FC80-414A-81E5-0428C663E306}"
EndProject
Project("{9A19103F-16F7-4668-BE54-9A1E7A4F7556}") = "TracePlugin", "src\Plugins\TracePlugin\TracePlugin.csproj", "{4B80C89C-970B-426E-928B-20C192EEAD67}"
EndProject
Project("{2150E333-8FDC-42A3-9474-1A3956D46DE8}") = "Extensions (1)", "Extensions", "{77C714CA-AABD-4001-A9AF-AA752C2C0578}"
EndProject
Project("{9A19103F-16F7-4668-BE54-9A1E7A4F7556}") = "MonitorTests", "src\Emulator\Extensions\MonitorTests\MonitorTests.csproj", "{1F3D29BE-74F4-4B43-B139-CEE67F23D71C}"
EndProject
Project("{9A19103F-16F7-4668-BE54-9A1E7A4F7556}") = "MonitorTests_NET", "src\Emulator\Extensions\MonitorTests\MonitorTests_NET.csproj", "{648D47AF-D5E4-4ECE-B005-3863A1A286CC}"
EndProject
Project("{2150E333-8FDC-42A3-9474-1A3956D46DE8}") = "Main", "Main", "{44E91733-F372-4D0C-A0C3-BF2BF02E6AE5}"
EndProject
Project("{2150E333-8FDC-42A3-9474-1A3956D46DE8}") = "Tests", "Tests", "{560B683C-F484-4B13-BA65-06A9619802CE}"
EndProject
Project("{9A19103F-16F7-4668-BE54-9A1E7A4F7556}") = "UnitTests_NET", "src\Emulator\Main\Tests\UnitTests\UnitTests_NET.csproj", "{5E91BDAC-69EF-4BBA-AA25-9BF44149B12D}"
EndProject
Project("{9A19103F-16F7-4668-BE54-9A1E7A4F7556}") = "UnitTests", "src\Emulator\Main\Tests\UnitTests\UnitTests.csproj", "{672461BE-2A6F-4964-8790-212FF98F9DD4}"
EndProject
Project("{2150E333-8FDC-42A3-9474-1A3956D46DE8}") = "Peripherals (1)", "Peripherals", "{FE83E387-939C-4B23-9CA3-926BC708521F}"
EndProject
Project("{2150E333-8FDC-42A3-9474-1A3956D46DE8}") = "Test", "Test", "{DBF514C8-5E05-4483-9F4A-805CCF2229DB}"
EndProject
Project("{9A19103F-16F7-4668-BE54-9A1E7A4F7556}") = "PeripheralsTests", "src\Emulator\Peripherals\Test\PeripheralsTests\PeripheralsTests.csproj", "{547D3B72-44D7-4100-8BB4-E35D1720F4A5}"
EndProject
Project("{9A19103F-16F7-4668-BE54-9A1E7A4F7556}") = "PeripheralsTests_NET", "src\Emulator\Peripherals\Test\PeripheralsTests\PeripheralsTests_NET.csproj", "{3D4C2C1A-7BF0-4F57-9D87-FA8E6E787DBB}"
EndProject
Global
	GlobalSection(SolutionConfigurationPlatforms) = preSolution
		Debug|Any CPU = Debug|Any CPU
		Release|Any CPU = Release|Any CPU
	EndGlobalSection
	GlobalSection(ProjectConfigurationPlatforms) = postSolution
		{9ED7A9FF-713F-4038-9B5A-A56CBAD72217}.Debug|Any CPU.ActiveCfg = Debug|Any CPU
		{9ED7A9FF-713F-4038-9B5A-A56CBAD72217}.Debug|Any CPU.Build.0 = Debug|Any CPU
		{9ED7A9FF-713F-4038-9B5A-A56CBAD72217}.Release|Any CPU.ActiveCfg = Release|Any CPU
		{9ED7A9FF-713F-4038-9B5A-A56CBAD72217}.Release|Any CPU.Build.0 = Release|Any CPU
		{4EFD2791-3F8C-4DF4-8DBF-136F9B4F061F}.Debug|Any CPU.ActiveCfg = Debug|Any CPU
		{4EFD2791-3F8C-4DF4-8DBF-136F9B4F061F}.Debug|Any CPU.Build.0 = Debug|Any CPU
		{4EFD2791-3F8C-4DF4-8DBF-136F9B4F061F}.Release|Any CPU.ActiveCfg = Release|Any CPU
		{4EFD2791-3F8C-4DF4-8DBF-136F9B4F061F}.Release|Any CPU.Build.0 = Release|Any CPU
		{36ABB8C7-3166-47CE-8354-B9482B077799}.Debug|Any CPU.ActiveCfg = Debug|Any CPU
		{36ABB8C7-3166-47CE-8354-B9482B077799}.Debug|Any CPU.Build.0 = Debug|Any CPU
		{36ABB8C7-3166-47CE-8354-B9482B077799}.Release|Any CPU.ActiveCfg = Release|Any CPU
		{36ABB8C7-3166-47CE-8354-B9482B077799}.Release|Any CPU.Build.0 = Release|Any CPU
		{2EDB4209-5037-49D4-A128-8E030B905DDA}.Debug|Any CPU.ActiveCfg = Debug|Any CPU
		{2EDB4209-5037-49D4-A128-8E030B905DDA}.Debug|Any CPU.Build.0 = Debug|Any CPU
		{2EDB4209-5037-49D4-A128-8E030B905DDA}.Release|Any CPU.ActiveCfg = Release|Any CPU
		{2EDB4209-5037-49D4-A128-8E030B905DDA}.Release|Any CPU.Build.0 = Release|Any CPU
		{40B1A741-E61B-4BCE-B672-CEC5106BDF79}.Debug|Any CPU.ActiveCfg = Debug|Any CPU
		{40B1A741-E61B-4BCE-B672-CEC5106BDF79}.Debug|Any CPU.Build.0 = Debug|Any CPU
		{40B1A741-E61B-4BCE-B672-CEC5106BDF79}.Release|Any CPU.ActiveCfg = Release|Any CPU
		{40B1A741-E61B-4BCE-B672-CEC5106BDF79}.Release|Any CPU.Build.0 = Release|Any CPU
		{B24629F7-A448-4ACC-8D35-E5127C48AE2F}.Debug|Any CPU.ActiveCfg = Debug|Any CPU
		{B24629F7-A448-4ACC-8D35-E5127C48AE2F}.Debug|Any CPU.Build.0 = Debug|Any CPU
		{B24629F7-A448-4ACC-8D35-E5127C48AE2F}.Release|Any CPU.ActiveCfg = Release|Any CPU
		{B24629F7-A448-4ACC-8D35-E5127C48AE2F}.Release|Any CPU.Build.0 = Release|Any CPU
		{4251306D-599B-49E1-B33B-85B37DEB1E01}.Debug|Any CPU.ActiveCfg = Debug|Any CPU
		{4251306D-599B-49E1-B33B-85B37DEB1E01}.Debug|Any CPU.Build.0 = Debug|Any CPU
		{4251306D-599B-49E1-B33B-85B37DEB1E01}.Release|Any CPU.ActiveCfg = Release|Any CPU
		{4251306D-599B-49E1-B33B-85B37DEB1E01}.Release|Any CPU.Build.0 = Release|Any CPU
		{C07F006F-2A12-42EC-B980-948A2D8FC10E}.Debug|Any CPU.ActiveCfg = Debug|Any CPU
		{C07F006F-2A12-42EC-B980-948A2D8FC10E}.Debug|Any CPU.Build.0 = Debug|Any CPU
		{C07F006F-2A12-42EC-B980-948A2D8FC10E}.Release|Any CPU.ActiveCfg = Release|Any CPU
		{C07F006F-2A12-42EC-B980-948A2D8FC10E}.Release|Any CPU.Build.0 = Release|Any CPU
		{09C441E8-DBFF-4084-860C-9959BEAB1929}.Debug|Any CPU.ActiveCfg = Debug|Any CPU
		{09C441E8-DBFF-4084-860C-9959BEAB1929}.Debug|Any CPU.Build.0 = Debug|Any CPU
		{09C441E8-DBFF-4084-860C-9959BEAB1929}.Release|Any CPU.ActiveCfg = Release|Any CPU
		{09C441E8-DBFF-4084-860C-9959BEAB1929}.Release|Any CPU.Build.0 = Release|Any CPU
		{7F3CA3DD-9BF6-40BF-9D5C-F286DA6C7D8F}.Debug|Any CPU.ActiveCfg = Debug|Any CPU
		{7F3CA3DD-9BF6-40BF-9D5C-F286DA6C7D8F}.Debug|Any CPU.Build.0 = Debug|Any CPU
		{7F3CA3DD-9BF6-40BF-9D5C-F286DA6C7D8F}.Release|Any CPU.ActiveCfg = Release|Any CPU
		{7F3CA3DD-9BF6-40BF-9D5C-F286DA6C7D8F}.Release|Any CPU.Build.0 = Release|Any CPU
		{A315BFB0-54E2-4C5B-BA25-376D23AF9AA2}.Debug|Any CPU.ActiveCfg = Debug|Any CPU
		{A315BFB0-54E2-4C5B-BA25-376D23AF9AA2}.Debug|Any CPU.Build.0 = Debug|Any CPU
		{A315BFB0-54E2-4C5B-BA25-376D23AF9AA2}.Release|Any CPU.ActiveCfg = Release|Any CPU
		{A315BFB0-54E2-4C5B-BA25-376D23AF9AA2}.Release|Any CPU.Build.0 = Release|Any CPU
		{D06157B2-8932-4EF5-8216-CEE1D644A66B}.Debug|Any CPU.ActiveCfg = Debug|Any CPU
		{D06157B2-8932-4EF5-8216-CEE1D644A66B}.Debug|Any CPU.Build.0 = Debug|Any CPU
		{D06157B2-8932-4EF5-8216-CEE1D644A66B}.Release|Any CPU.ActiveCfg = Release|Any CPU
		{D06157B2-8932-4EF5-8216-CEE1D644A66B}.Release|Any CPU.Build.0 = Release|Any CPU
		{B7288EF8-CDAB-4198-8D95-6E2F2AF6C755}.Debug|Any CPU.ActiveCfg = Debug|Any CPU
		{B7288EF8-CDAB-4198-8D95-6E2F2AF6C755}.Debug|Any CPU.Build.0 = Debug|Any CPU
		{B7288EF8-CDAB-4198-8D95-6E2F2AF6C755}.Release|Any CPU.ActiveCfg = Release|Any CPU
		{B7288EF8-CDAB-4198-8D95-6E2F2AF6C755}.Release|Any CPU.Build.0 = Release|Any CPU
		{695521BC-DBE9-435F-9254-5065BFC6C93D}.Debug|Any CPU.ActiveCfg = Debug|Any CPU
		{695521BC-DBE9-435F-9254-5065BFC6C93D}.Debug|Any CPU.Build.0 = Debug|Any CPU
		{695521BC-DBE9-435F-9254-5065BFC6C93D}.Release|Any CPU.ActiveCfg = Release|Any CPU
		{695521BC-DBE9-435F-9254-5065BFC6C93D}.Release|Any CPU.Build.0 = Release|Any CPU
		{FC535B69-2C32-4158-A073-D21E144055A4}.Debug|Any CPU.ActiveCfg = Debug|Any CPU
		{FC535B69-2C32-4158-A073-D21E144055A4}.Debug|Any CPU.Build.0 = Debug|Any CPU
		{FC535B69-2C32-4158-A073-D21E144055A4}.Release|Any CPU.ActiveCfg = Release|Any CPU
		{FC535B69-2C32-4158-A073-D21E144055A4}.Release|Any CPU.Build.0 = Release|Any CPU
		{E7ECC399-A85C-4437-B18A-822E0BF1679A}.Debug|Any CPU.ActiveCfg = Debug|Any CPU
		{E7ECC399-A85C-4437-B18A-822E0BF1679A}.Debug|Any CPU.Build.0 = Debug|Any CPU
		{E7ECC399-A85C-4437-B18A-822E0BF1679A}.Release|Any CPU.ActiveCfg = Release|Any CPU
		{E7ECC399-A85C-4437-B18A-822E0BF1679A}.Release|Any CPU.Build.0 = Release|Any CPU
		{F032CB08-AA0F-4846-914A-D9C76692F9FE}.Debug|Any CPU.ActiveCfg = Debug|Any CPU
		{F032CB08-AA0F-4846-914A-D9C76692F9FE}.Debug|Any CPU.Build.0 = Debug|Any CPU
		{F032CB08-AA0F-4846-914A-D9C76692F9FE}.Release|Any CPU.ActiveCfg = Release|Any CPU
		{F032CB08-AA0F-4846-914A-D9C76692F9FE}.Release|Any CPU.Build.0 = Release|Any CPU
		{B48B2009-ECD1-4220-B241-2106363E48D2}.Debug|Any CPU.ActiveCfg = Debug|Any CPU
		{B48B2009-ECD1-4220-B241-2106363E48D2}.Debug|Any CPU.Build.0 = Debug|Any CPU
		{B48B2009-ECD1-4220-B241-2106363E48D2}.Release|Any CPU.ActiveCfg = Release|Any CPU
		{B48B2009-ECD1-4220-B241-2106363E48D2}.Release|Any CPU.Build.0 = Release|Any CPU
		{BD727490-7341-4094-8381-CF9C3B4821AF}.Debug|Any CPU.ActiveCfg = Debug|Any CPU
		{BD727490-7341-4094-8381-CF9C3B4821AF}.Debug|Any CPU.Build.0 = Debug|Any CPU
		{BD727490-7341-4094-8381-CF9C3B4821AF}.Release|Any CPU.ActiveCfg = Release|Any CPU
		{BD727490-7341-4094-8381-CF9C3B4821AF}.Release|Any CPU.Build.0 = Release|Any CPU
		{74DBACAA-D5EB-4E84-A8CB-E738B728710E}.Debug|Any CPU.ActiveCfg = Debug|Any CPU
		{74DBACAA-D5EB-4E84-A8CB-E738B728710E}.Debug|Any CPU.Build.0 = Debug|Any CPU
		{74DBACAA-D5EB-4E84-A8CB-E738B728710E}.Release|Any CPU.ActiveCfg = Release|Any CPU
		{74DBACAA-D5EB-4E84-A8CB-E738B728710E}.Release|Any CPU.Build.0 = Release|Any CPU
		{E709B222-7E9E-471D-BAB9-F8647FEEB249}.Debug|Any CPU.ActiveCfg = Debug|Any CPU
		{E709B222-7E9E-471D-BAB9-F8647FEEB249}.Debug|Any CPU.Build.0 = Debug|Any CPU
		{E709B222-7E9E-471D-BAB9-F8647FEEB249}.Release|Any CPU.ActiveCfg = Release|Any CPU
		{E709B222-7E9E-471D-BAB9-F8647FEEB249}.Release|Any CPU.Build.0 = Release|Any CPU
		{87EC68B6-A51A-49C6-AB71-223E6C90134D}.Debug|Any CPU.ActiveCfg = Debug|Any CPU
		{87EC68B6-A51A-49C6-AB71-223E6C90134D}.Debug|Any CPU.Build.0 = Debug|Any CPU
		{87EC68B6-A51A-49C6-AB71-223E6C90134D}.Release|Any CPU.ActiveCfg = Release|Any CPU
		{87EC68B6-A51A-49C6-AB71-223E6C90134D}.Release|Any CPU.Build.0 = Release|Any CPU
		{11D66AE3-A7BF-40EC-90BD-BE5296ADAC96}.Debug|Any CPU.ActiveCfg = Debug|Any CPU
		{11D66AE3-A7BF-40EC-90BD-BE5296ADAC96}.Debug|Any CPU.Build.0 = Debug|Any CPU
		{11D66AE3-A7BF-40EC-90BD-BE5296ADAC96}.Release|Any CPU.ActiveCfg = Release|Any CPU
		{11D66AE3-A7BF-40EC-90BD-BE5296ADAC96}.Release|Any CPU.Build.0 = Release|Any CPU
		{792305B4-A5CD-414D-AFCC-57EB53596C19}.Debug|Any CPU.ActiveCfg = Debug|Any CPU
		{792305B4-A5CD-414D-AFCC-57EB53596C19}.Debug|Any CPU.Build.0 = Debug|Any CPU
		{792305B4-A5CD-414D-AFCC-57EB53596C19}.Release|Any CPU.ActiveCfg = Release|Any CPU
		{792305B4-A5CD-414D-AFCC-57EB53596C19}.Release|Any CPU.Build.0 = Release|Any CPU
		{CB2147D5-F10C-4BFC-9BBF-546943817313}.Debug|Any CPU.ActiveCfg = Debug|Any CPU
		{CB2147D5-F10C-4BFC-9BBF-546943817313}.Debug|Any CPU.Build.0 = Debug|Any CPU
		{CB2147D5-F10C-4BFC-9BBF-546943817313}.Release|Any CPU.ActiveCfg = Release|Any CPU
		{CB2147D5-F10C-4BFC-9BBF-546943817313}.Release|Any CPU.Build.0 = Release|Any CPU
		{65E49E30-D434-4A91-A0ED-12CA1EA5CEAD}.Debug|Any CPU.ActiveCfg = Debug|Any CPU
		{65E49E30-D434-4A91-A0ED-12CA1EA5CEAD}.Debug|Any CPU.Build.0 = Debug|Any CPU
		{65E49E30-D434-4A91-A0ED-12CA1EA5CEAD}.Release|Any CPU.ActiveCfg = Release|Any CPU
		{65E49E30-D434-4A91-A0ED-12CA1EA5CEAD}.Release|Any CPU.Build.0 = Release|Any CPU
		{53D2E23A-6668-4FFD-A908-6E65724B7593}.Debug|Any CPU.ActiveCfg = Debug|Any CPU
		{53D2E23A-6668-4FFD-A908-6E65724B7593}.Debug|Any CPU.Build.0 = Debug|Any CPU
		{53D2E23A-6668-4FFD-A908-6E65724B7593}.Release|Any CPU.ActiveCfg = Release|Any CPU
		{53D2E23A-6668-4FFD-A908-6E65724B7593}.Release|Any CPU.Build.0 = Release|Any CPU
		{7ED09CB0-E247-4F29-8494-414BBD7113E3}.Debug|Any CPU.ActiveCfg = Debug|Any CPU
		{7ED09CB0-E247-4F29-8494-414BBD7113E3}.Debug|Any CPU.Build.0 = Debug|Any CPU
		{7ED09CB0-E247-4F29-8494-414BBD7113E3}.Release|Any CPU.ActiveCfg = Release|Any CPU
		{7ED09CB0-E247-4F29-8494-414BBD7113E3}.Release|Any CPU.Build.0 = Release|Any CPU
		{DB8245E5-082E-431A-82C5-2E39BEACE6B7}.Debug|Any CPU.ActiveCfg = Debug|Any CPU
		{DB8245E5-082E-431A-82C5-2E39BEACE6B7}.Debug|Any CPU.Build.0 = Debug|Any CPU
		{DB8245E5-082E-431A-82C5-2E39BEACE6B7}.Release|Any CPU.ActiveCfg = Release|Any CPU
		{DB8245E5-082E-431A-82C5-2E39BEACE6B7}.Release|Any CPU.Build.0 = Release|Any CPU
		{ABF583E4-6E45-492F-A7D9-18DC80186A80}.Debug|Any CPU.ActiveCfg = Debug|Any CPU
		{ABF583E4-6E45-492F-A7D9-18DC80186A80}.Debug|Any CPU.Build.0 = Debug|Any CPU
		{ABF583E4-6E45-492F-A7D9-18DC80186A80}.Release|Any CPU.ActiveCfg = Release|Any CPU
		{ABF583E4-6E45-492F-A7D9-18DC80186A80}.Release|Any CPU.Build.0 = Release|Any CPU
		{2C4818D7-2D1D-4B8B-94B4-C2280AF97476}.Debug|Any CPU.ActiveCfg = Debug|Any CPU
		{2C4818D7-2D1D-4B8B-94B4-C2280AF97476}.Debug|Any CPU.Build.0 = Debug|Any CPU
		{2C4818D7-2D1D-4B8B-94B4-C2280AF97476}.Release|Any CPU.ActiveCfg = Release|Any CPU
		{2C4818D7-2D1D-4B8B-94B4-C2280AF97476}.Release|Any CPU.Build.0 = Release|Any CPU
		{D4299B90-EC30-4585-9D18-7D16916994F0}.Debug|Any CPU.ActiveCfg = Debug|Any CPU
		{D4299B90-EC30-4585-9D18-7D16916994F0}.Debug|Any CPU.Build.0 = Debug|Any CPU
		{D4299B90-EC30-4585-9D18-7D16916994F0}.Release|Any CPU.ActiveCfg = Release|Any CPU
		{D4299B90-EC30-4585-9D18-7D16916994F0}.Release|Any CPU.Build.0 = Release|Any CPU
		{DD7C7361-B672-4B6F-90D1-696892493B94}.Debug|Any CPU.ActiveCfg = Debug|Any CPU
		{DD7C7361-B672-4B6F-90D1-696892493B94}.Debug|Any CPU.Build.0 = Debug|Any CPU
		{DD7C7361-B672-4B6F-90D1-696892493B94}.Release|Any CPU.ActiveCfg = Release|Any CPU
		{DD7C7361-B672-4B6F-90D1-696892493B94}.Release|Any CPU.Build.0 = Release|Any CPU
		{6401FE31-7E99-4157-953D-72AF11579FEE}.Debug|Any CPU.ActiveCfg = Debug|Any CPU
		{6401FE31-7E99-4157-953D-72AF11579FEE}.Debug|Any CPU.Build.0 = Debug|Any CPU
		{6401FE31-7E99-4157-953D-72AF11579FEE}.Release|Any CPU.ActiveCfg = Release|Any CPU
		{6401FE31-7E99-4157-953D-72AF11579FEE}.Release|Any CPU.Build.0 = Release|Any CPU
		{16070015-29FF-4661-A875-2ADBD3E1B9DD}.Debug|Any CPU.ActiveCfg = Debug|Any CPU
		{16070015-29FF-4661-A875-2ADBD3E1B9DD}.Debug|Any CPU.Build.0 = Debug|Any CPU
		{16070015-29FF-4661-A875-2ADBD3E1B9DD}.Release|Any CPU.ActiveCfg = Release|Any CPU
		{16070015-29FF-4661-A875-2ADBD3E1B9DD}.Release|Any CPU.Build.0 = Release|Any CPU
		{120E1709-0D76-440C-80C1-6F27F459B370}.Debug|Any CPU.ActiveCfg = Debug|Any CPU
		{120E1709-0D76-440C-80C1-6F27F459B370}.Debug|Any CPU.Build.0 = Debug|Any CPU
		{120E1709-0D76-440C-80C1-6F27F459B370}.Release|Any CPU.ActiveCfg = Release|Any CPU
		{120E1709-0D76-440C-80C1-6F27F459B370}.Release|Any CPU.Build.0 = Release|Any CPU
		{D7D3AA1C-A10B-4917-8217-EFC13BF3E9AB}.Debug|Any CPU.ActiveCfg = Debug|Any CPU
		{D7D3AA1C-A10B-4917-8217-EFC13BF3E9AB}.Debug|Any CPU.Build.0 = Debug|Any CPU
		{D7D3AA1C-A10B-4917-8217-EFC13BF3E9AB}.Release|Any CPU.ActiveCfg = Release|Any CPU
		{D7D3AA1C-A10B-4917-8217-EFC13BF3E9AB}.Release|Any CPU.Build.0 = Release|Any CPU
		{C6CF7A8C-B85F-4A48-AB55-943256A686FF}.Debug|Any CPU.ActiveCfg = Debug|Any CPU
		{C6CF7A8C-B85F-4A48-AB55-943256A686FF}.Debug|Any CPU.Build.0 = Debug|Any CPU
		{C6CF7A8C-B85F-4A48-AB55-943256A686FF}.Release|Any CPU.ActiveCfg = Release|Any CPU
		{C6CF7A8C-B85F-4A48-AB55-943256A686FF}.Release|Any CPU.Build.0 = Release|Any CPU
		{68AB3ACB-BB35-4998-9EE6-AF6183347F55}.Debug|Any CPU.ActiveCfg = Debug|Any CPU
		{68AB3ACB-BB35-4998-9EE6-AF6183347F55}.Debug|Any CPU.Build.0 = Debug|Any CPU
		{68AB3ACB-BB35-4998-9EE6-AF6183347F55}.Release|Any CPU.ActiveCfg = Release|Any CPU
		{68AB3ACB-BB35-4998-9EE6-AF6183347F55}.Release|Any CPU.Build.0 = Release|Any CPU
		{D1861F1E-624D-4A82-B6D0-280674F1D6F2}.Debug|Any CPU.ActiveCfg = Debug|Any CPU
		{D1861F1E-624D-4A82-B6D0-280674F1D6F2}.Debug|Any CPU.Build.0 = Debug|Any CPU
		{D1861F1E-624D-4A82-B6D0-280674F1D6F2}.Release|Any CPU.ActiveCfg = Release|Any CPU
		{D1861F1E-624D-4A82-B6D0-280674F1D6F2}.Release|Any CPU.Build.0 = Release|Any CPU
		{622C1498-FC80-414A-81E5-0428C663E306}.Debug|Any CPU.ActiveCfg = Debug|Any CPU
		{622C1498-FC80-414A-81E5-0428C663E306}.Debug|Any CPU.Build.0 = Debug|Any CPU
		{622C1498-FC80-414A-81E5-0428C663E306}.Release|Any CPU.ActiveCfg = Release|Any CPU
		{622C1498-FC80-414A-81E5-0428C663E306}.Release|Any CPU.Build.0 = Release|Any CPU
		{4B80C89C-970B-426E-928B-20C192EEAD67}.Debug|Any CPU.ActiveCfg = Debug|Any CPU
		{4B80C89C-970B-426E-928B-20C192EEAD67}.Debug|Any CPU.Build.0 = Debug|Any CPU
		{4B80C89C-970B-426E-928B-20C192EEAD67}.Release|Any CPU.ActiveCfg = Release|Any CPU
		{4B80C89C-970B-426E-928B-20C192EEAD67}.Release|Any CPU.Build.0 = Release|Any CPU
		{1F3D29BE-74F4-4B43-B139-CEE67F23D71C}.Debug|Any CPU.ActiveCfg = Debug|Any CPU
		{1F3D29BE-74F4-4B43-B139-CEE67F23D71C}.Debug|Any CPU.Build.0 = Debug|Any CPU
		{1F3D29BE-74F4-4B43-B139-CEE67F23D71C}.Release|Any CPU.ActiveCfg = Release|Any CPU
		{1F3D29BE-74F4-4B43-B139-CEE67F23D71C}.Release|Any CPU.Build.0 = Release|Any CPU
		{648D47AF-D5E4-4ECE-B005-3863A1A286CC}.Debug|Any CPU.ActiveCfg = Debug|Any CPU
		{648D47AF-D5E4-4ECE-B005-3863A1A286CC}.Debug|Any CPU.Build.0 = Debug|Any CPU
		{648D47AF-D5E4-4ECE-B005-3863A1A286CC}.Release|Any CPU.ActiveCfg = Release|Any CPU
		{648D47AF-D5E4-4ECE-B005-3863A1A286CC}.Release|Any CPU.Build.0 = Release|Any CPU
		{5E91BDAC-69EF-4BBA-AA25-9BF44149B12D}.Debug|Any CPU.ActiveCfg = Debug|Any CPU
		{5E91BDAC-69EF-4BBA-AA25-9BF44149B12D}.Debug|Any CPU.Build.0 = Debug|Any CPU
		{5E91BDAC-69EF-4BBA-AA25-9BF44149B12D}.Release|Any CPU.ActiveCfg = Release|Any CPU
		{5E91BDAC-69EF-4BBA-AA25-9BF44149B12D}.Release|Any CPU.Build.0 = Release|Any CPU
		{672461BE-2A6F-4964-8790-212FF98F9DD4}.Debug|Any CPU.ActiveCfg = Debug|Any CPU
		{672461BE-2A6F-4964-8790-212FF98F9DD4}.Debug|Any CPU.Build.0 = Debug|Any CPU
		{672461BE-2A6F-4964-8790-212FF98F9DD4}.Release|Any CPU.ActiveCfg = Release|Any CPU
		{672461BE-2A6F-4964-8790-212FF98F9DD4}.Release|Any CPU.Build.0 = Release|Any CPU
		{547D3B72-44D7-4100-8BB4-E35D1720F4A5}.Debug|Any CPU.ActiveCfg = Debug|Any CPU
		{547D3B72-44D7-4100-8BB4-E35D1720F4A5}.Debug|Any CPU.Build.0 = Debug|Any CPU
		{547D3B72-44D7-4100-8BB4-E35D1720F4A5}.Release|Any CPU.ActiveCfg = Release|Any CPU
		{547D3B72-44D7-4100-8BB4-E35D1720F4A5}.Release|Any CPU.Build.0 = Release|Any CPU
		{3D4C2C1A-7BF0-4F57-9D87-FA8E6E787DBB}.Debug|Any CPU.ActiveCfg = Debug|Any CPU
		{3D4C2C1A-7BF0-4F57-9D87-FA8E6E787DBB}.Debug|Any CPU.Build.0 = Debug|Any CPU
		{3D4C2C1A-7BF0-4F57-9D87-FA8E6E787DBB}.Release|Any CPU.ActiveCfg = Release|Any CPU
		{3D4C2C1A-7BF0-4F57-9D87-FA8E6E787DBB}.Release|Any CPU.Build.0 = Release|Any CPU
	EndGlobalSection
	GlobalSection(SolutionProperties) = preSolution
		HideSolutionNode = FALSE
	EndGlobalSection
	GlobalSection(NestedProjects) = preSolution
		{9ED7A9FF-713F-4038-9B5A-A56CBAD72217} = {AF773AF5-4CB0-4119-854F-8A51E6D47B24}
		{4EFD2791-3F8C-4DF4-8DBF-136F9B4F061F} = {AF773AF5-4CB0-4119-854F-8A51E6D47B24}
		{931F971F-88B6-495A-8A39-BC5408593C8D} = {AF773AF5-4CB0-4119-854F-8A51E6D47B24}
		{36ABB8C7-3166-47CE-8354-B9482B077799} = {931F971F-88B6-495A-8A39-BC5408593C8D}
		{2EDB4209-5037-49D4-A128-8E030B905DDA} = {931F971F-88B6-495A-8A39-BC5408593C8D}
		{40B1A741-E61B-4BCE-B672-CEC5106BDF79} = {931F971F-88B6-495A-8A39-BC5408593C8D}
		{B24629F7-A448-4ACC-8D35-E5127C48AE2F} = {931F971F-88B6-495A-8A39-BC5408593C8D}
		{4251306D-599B-49E1-B33B-85B37DEB1E01} = {931F971F-88B6-495A-8A39-BC5408593C8D}
		{C07F006F-2A12-42EC-B980-948A2D8FC10E} = {931F971F-88B6-495A-8A39-BC5408593C8D}
		{09C441E8-DBFF-4084-860C-9959BEAB1929} = {931F971F-88B6-495A-8A39-BC5408593C8D}
		{7F3CA3DD-9BF6-40BF-9D5C-F286DA6C7D8F} = {931F971F-88B6-495A-8A39-BC5408593C8D}
		{A315BFB0-54E2-4C5B-BA25-376D23AF9AA2} = {931F971F-88B6-495A-8A39-BC5408593C8D}
		{D06157B2-8932-4EF5-8216-CEE1D644A66B} = {931F971F-88B6-495A-8A39-BC5408593C8D}
		{B7288EF8-CDAB-4198-8D95-6E2F2AF6C755} = {931F971F-88B6-495A-8A39-BC5408593C8D}
		{695521BC-DBE9-435F-9254-5065BFC6C93D} = {931F971F-88B6-495A-8A39-BC5408593C8D}
		{FC535B69-2C32-4158-A073-D21E144055A4} = {931F971F-88B6-495A-8A39-BC5408593C8D}
		{E7ECC399-A85C-4437-B18A-822E0BF1679A} = {931F971F-88B6-495A-8A39-BC5408593C8D}
		{F032CB08-AA0F-4846-914A-D9C76692F9FE} = {931F971F-88B6-495A-8A39-BC5408593C8D}
		{B48B2009-ECD1-4220-B241-2106363E48D2} = {931F971F-88B6-495A-8A39-BC5408593C8D}
		{BD727490-7341-4094-8381-CF9C3B4821AF} = {931F971F-88B6-495A-8A39-BC5408593C8D}
		{74DBACAA-D5EB-4E84-A8CB-E738B728710E} = {931F971F-88B6-495A-8A39-BC5408593C8D}
		{E709B222-7E9E-471D-BAB9-F8647FEEB249} = {931F971F-88B6-495A-8A39-BC5408593C8D}
		{87EC68B6-A51A-49C6-AB71-223E6C90134D} = {931F971F-88B6-495A-8A39-BC5408593C8D}
		{11D66AE3-A7BF-40EC-90BD-BE5296ADAC96} = {931F971F-88B6-495A-8A39-BC5408593C8D}
		{792305B4-A5CD-414D-AFCC-57EB53596C19} = {931F971F-88B6-495A-8A39-BC5408593C8D}
		{CB2147D5-F10C-4BFC-9BBF-546943817313} = {931F971F-88B6-495A-8A39-BC5408593C8D}
		{65E49E30-D434-4A91-A0ED-12CA1EA5CEAD} = {931F971F-88B6-495A-8A39-BC5408593C8D}
		{53D2E23A-6668-4FFD-A908-6E65724B7593} = {931F971F-88B6-495A-8A39-BC5408593C8D}
		{7ED09CB0-E247-4F29-8494-414BBD7113E3} = {931F971F-88B6-495A-8A39-BC5408593C8D}
		{DB8245E5-082E-431A-82C5-2E39BEACE6B7} = {931F971F-88B6-495A-8A39-BC5408593C8D}
		{ABF583E4-6E45-492F-A7D9-18DC80186A80} = {931F971F-88B6-495A-8A39-BC5408593C8D}
		{2C4818D7-2D1D-4B8B-94B4-C2280AF97476} = {931F971F-88B6-495A-8A39-BC5408593C8D}
		{D4299B90-EC30-4585-9D18-7D16916994F0} = {931F971F-88B6-495A-8A39-BC5408593C8D}
		{DD7C7361-B672-4B6F-90D1-696892493B94} = {931F971F-88B6-495A-8A39-BC5408593C8D}
		{6401FE31-7E99-4157-953D-72AF11579FEE} = {931F971F-88B6-495A-8A39-BC5408593C8D}
		{16070015-29FF-4661-A875-2ADBD3E1B9DD} = {931F971F-88B6-495A-8A39-BC5408593C8D}
		{120E1709-0D76-440C-80C1-6F27F459B370} = {931F971F-88B6-495A-8A39-BC5408593C8D}
		{6F4AAA1C-ACDC-432D-BAEF-7F2F2D737477} = {AF773AF5-4CB0-4119-854F-8A51E6D47B24}
		{D7D3AA1C-A10B-4917-8217-EFC13BF3E9AB} = {6F4AAA1C-ACDC-432D-BAEF-7F2F2D737477}
		{C6CF7A8C-B85F-4A48-AB55-943256A686FF} = {6F4AAA1C-ACDC-432D-BAEF-7F2F2D737477}
		{68AB3ACB-BB35-4998-9EE6-AF6183347F55} = {6F4AAA1C-ACDC-432D-BAEF-7F2F2D737477}
		{D1861F1E-624D-4A82-B6D0-280674F1D6F2} = {6F4AAA1C-ACDC-432D-BAEF-7F2F2D737477}
		{622C1498-FC80-414A-81E5-0428C663E306} = {6F4AAA1C-ACDC-432D-BAEF-7F2F2D737477}
		{4B80C89C-970B-426E-928B-20C192EEAD67} = {6F4AAA1C-ACDC-432D-BAEF-7F2F2D737477}
		{77C714CA-AABD-4001-A9AF-AA752C2C0578} = {931F971F-88B6-495A-8A39-BC5408593C8D}
		{1F3D29BE-74F4-4B43-B139-CEE67F23D71C} = {77C714CA-AABD-4001-A9AF-AA752C2C0578}
		{648D47AF-D5E4-4ECE-B005-3863A1A286CC} = {77C714CA-AABD-4001-A9AF-AA752C2C0578}
		{44E91733-F372-4D0C-A0C3-BF2BF02E6AE5} = {931F971F-88B6-495A-8A39-BC5408593C8D}
		{560B683C-F484-4B13-BA65-06A9619802CE} = {44E91733-F372-4D0C-A0C3-BF2BF02E6AE5}
		{5E91BDAC-69EF-4BBA-AA25-9BF44149B12D} = {560B683C-F484-4B13-BA65-06A9619802CE}
		{672461BE-2A6F-4964-8790-212FF98F9DD4} = {560B683C-F484-4B13-BA65-06A9619802CE}
		{FE83E387-939C-4B23-9CA3-926BC708521F} = {931F971F-88B6-495A-8A39-BC5408593C8D}
		{DBF514C8-5E05-4483-9F4A-805CCF2229DB} = {FE83E387-939C-4B23-9CA3-926BC708521F}
		{547D3B72-44D7-4100-8BB4-E35D1720F4A5} = {DBF514C8-5E05-4483-9F4A-805CCF2229DB}
		{3D4C2C1A-7BF0-4F57-9D87-FA8E6E787DBB} = {DBF514C8-5E05-4483-9F4A-805CCF2229DB}
	EndGlobalSection
	GlobalSection(ExtensibilityGlobals) = postSolution
		SolutionGuid = {C190DD0E-BDAC-40B7-9B60-22906116783F}
	EndGlobalSection
EndGlobal
